
Microsoft Visual Studio Solution File, Format Version 12.00
# Visual Studio 14
VisualStudioVersion = 14.0.25420.1
MinimumVisualStudioVersion = 10.0.40219.1
Project("{FAE04EC0-301F-11D3-BF4B-00C04F79EFBC}") = "Viking.Deployment", "Viking.Deployment\Viking.Deployment.csproj", "{94B539AC-48AB-4C7C-8031-F0947616AB9C}"
EndProject
Project("{FAE04EC0-301F-11D3-BF4B-00C04F79EFBC}") = "UserPrompt", "UserPrompt\UserPrompt.csproj", "{FB5C881C-70D1-4A99-ACDF-025D2FA2051D}"
EndProject
Project("{FAE04EC0-301F-11D3-BF4B-00C04F79EFBC}") = "Viking.DeploymentService", "Viking.DeploymentService\Viking.DeploymentService.csproj", "{439E1F2C-C4B8-4583-BB29-792EF400D09A}"
EndProject
Project("{FAE04EC0-301F-11D3-BF4B-00C04F79EFBC}") = "TestLibrary", "TestLibrary\TestLibrary.csproj", "{B2BEFACE-E959-4C48-943C-0370DE930470}"
EndProject
Global
	GlobalSection(SolutionConfigurationPlatforms) = preSolution
		Debug|Any CPU = Debug|Any CPU
		Release|Any CPU = Release|Any CPU
	EndGlobalSection
	GlobalSection(ProjectConfigurationPlatforms) = postSolution
		{94B539AC-48AB-4C7C-8031-F0947616AB9C}.Debug|Any CPU.ActiveCfg = Debug|Any CPU
		{94B539AC-48AB-4C7C-8031-F0947616AB9C}.Debug|Any CPU.Build.0 = Debug|Any CPU
		{94B539AC-48AB-4C7C-8031-F0947616AB9C}.Release|Any CPU.ActiveCfg = Release|Any CPU
		{94B539AC-48AB-4C7C-8031-F0947616AB9C}.Release|Any CPU.Build.0 = Release|Any CPU
		{FB5C881C-70D1-4A99-ACDF-025D2FA2051D}.Debug|Any CPU.ActiveCfg = Debug|Any CPU
		{FB5C881C-70D1-4A99-ACDF-025D2FA2051D}.Debug|Any CPU.Build.0 = Debug|Any CPU
		{FB5C881C-70D1-4A99-ACDF-025D2FA2051D}.Release|Any CPU.ActiveCfg = Release|Any CPU
		{FB5C881C-70D1-4A99-ACDF-025D2FA2051D}.Release|Any CPU.Build.0 = Release|Any CPU
		{439E1F2C-C4B8-4583-BB29-792EF400D09A}.Debug|Any CPU.ActiveCfg = Debug|Any CPU
		{439E1F2C-C4B8-4583-BB29-792EF400D09A}.Debug|Any CPU.Build.0 = Debug|Any CPU
		{439E1F2C-C4B8-4583-BB29-792EF400D09A}.Release|Any CPU.ActiveCfg = Release|Any CPU
		{439E1F2C-C4B8-4583-BB29-792EF400D09A}.Release|Any CPU.Build.0 = Release|Any CPU
		{B2BEFACE-E959-4C48-943C-0370DE930470}.Debug|Any CPU.ActiveCfg = Debug|Any CPU
		{B2BEFACE-E959-4C48-943C-0370DE930470}.Debug|Any CPU.Build.0 = Debug|Any CPU
		{B2BEFACE-E959-4C48-943C-0370DE930470}.Release|Any CPU.ActiveCfg = Release|Any CPU
		{B2BEFACE-E959-4C48-943C-0370DE930470}.Release|Any CPU.Build.0 = Release|Any CPU
	EndGlobalSection
	GlobalSection(SolutionProperties) = preSolution
		HideSolutionNode = FALSE
	EndGlobalSection
EndGlobal
